{
  "socketPath": "/tmp/mcp-m9MIqq/mcp.sock",
  "scheme": "unix",
  "headers": {
    "Authorization": "Nonce 6580a97a-c2be-4758-b340-40196045d6de"
  },
  "pid": 3157586,
  "ideName": "Visual Studio Code",
  "timestamp": 1784504849039,
  "workspaceFolders": [
    "/home/ulmfe"
  ],
  "isTrusted": true
}